
Microsoft Visual Studio Solution File, Format Version 12.00
# Visual Studio Version 16
VisualStudioVersion = 16.0.29519.181
MinimumVisualStudioVersion = 10.0.40219.1
Project("{FAE04EC0-301F-11D3-BF4B-00C04F79EFBC}") = "HotelReportsServer", "HotelReportsServer\HotelReportsServer.csproj", "{323986A0-3207-4994-A907-971E5961374E}"
EndProject
Project("{FAE04EC0-301F-11D3-BF4B-00C04F79EFBC}") = "HotelReportsClient", "HotelReportsClient\HotelReportsClient.csproj", "{D664796E-270A-4731-A616-B570EAC9E7CF}"
EndProject
Project("{FAE04EC0-301F-11D3-BF4B-00C04F79EFBC}") = "HotelReportsModel", "HotelReportsModel\HotelReportsModel.csproj", "{AC1EA99A-14D7-44E5-BEB6-19830BAFFBAB}"
EndProject
Global
	GlobalSection(SolutionConfigurationPlatforms) = preSolution
		Debug|Any CPU = Debug|Any CPU
		Release|Any CPU = Release|Any CPU
	EndGlobalSection
	GlobalSection(ProjectConfigurationPlatforms) = postSolution
		{323986A0-3207-4994-A907-971E5961374E}.Debug|Any CPU.ActiveCfg = Debug|Any CPU
		{323986A0-3207-4994-A907-971E5961374E}.Debug|Any CPU.Build.0 = Debug|Any CPU
		{323986A0-3207-4994-A907-971E5961374E}.Release|Any CPU.ActiveCfg = Release|Any CPU
		{323986A0-3207-4994-A907-971E5961374E}.Release|Any CPU.Build.0 = Release|Any CPU
		{D664796E-270A-4731-A616-B570EAC9E7CF}.Debug|Any CPU.ActiveCfg = Debug|Any CPU
		{D664796E-270A-4731-A616-B570EAC9E7CF}.Debug|Any CPU.Build.0 = Debug|Any CPU
		{D664796E-270A-4731-A616-B570EAC9E7CF}.Release|Any CPU.ActiveCfg = Release|Any CPU
		{D664796E-270A-4731-A616-B570EAC9E7CF}.Release|Any CPU.Build.0 = Release|Any CPU
		{AC1EA99A-14D7-44E5-BEB6-19830BAFFBAB}.Debug|Any CPU.ActiveCfg = Debug|Any CPU
		{AC1EA99A-14D7-44E5-BEB6-19830BAFFBAB}.Debug|Any CPU.Build.0 = Debug|Any CPU
		{AC1EA99A-14D7-44E5-BEB6-19830BAFFBAB}.Release|Any CPU.ActiveCfg = Release|Any CPU
		{AC1EA99A-14D7-44E5-BEB6-19830BAFFBAB}.Release|Any CPU.Build.0 = Release|Any CPU
	EndGlobalSection
	GlobalSection(SolutionProperties) = preSolution
		HideSolutionNode = FALSE
	EndGlobalSection
	GlobalSection(ExtensibilityGlobals) = postSolution
		SolutionGuid = {65E4B759-2941-4FB3-AA6A-213D35D954C8}
	EndGlobalSection
EndGlobal
